
Microsoft Visual Studio Solution File, Format Version 12.00
# Visual Studio 2012
Project("{888888A0-9F3D-457C-B088-3A5042F75D52}") = "sbaas", "sbaas\sbaas.pyproj", "{BBEED2BC-D2D1-4CBA-B19F-12D16509DF60}"
EndProject
Global
	GlobalSection(SolutionConfigurationPlatforms) = preSolution
		Debug|Any CPU = Debug|Any CPU
		Release|Any CPU = Release|Any CPU
	EndGlobalSection
	GlobalSection(ProjectConfigurationPlatforms) = postSolution
		{BBEED2BC-D2D1-4CBA-B19F-12D16509DF60}.Debug|Any CPU.ActiveCfg = Debug|Any CPU
		{BBEED2BC-D2D1-4CBA-B19F-12D16509DF60}.Release|Any CPU.ActiveCfg = Release|Any CPU
	EndGlobalSection
	GlobalSection(SolutionProperties) = preSolution
		HideSolutionNode = FALSE
	EndGlobalSection
EndGlobal
